{
  "nodes": {
    "devenv": {
      "locked": {
        "dir": "src/modules",
        "lastModified": 1788819331,
        "narHash": "sha256-PXClmncMTmWutJvFGrA6rKyvxWtUwaMUT615XrDHdB8=",
        "owner": "cachix",
        "repo": "devenv",
        "rev": "190959a9a4bb52d4802f076a90c3c4e3aa2e6fa2",
        "type": "github"
      },
      "original": {
        "dir": "src/modules",
        "owner": "cachix",
        "repo": "devenv",
        "type": "github"
      }
    },
    "nixpkgs": {
      "locked": {
        "lastModified": 1788807765,
        "narHash": "sha256-J9oC0bKnkXUrMegqRTXVkyDFJ0gn2U/Qpoo9HgGMQmA=",
        "owner": "NixOS",
        "repo": "nixpkgs",
        "rev": "93108a538f079596c9a16c72cf03e9322782b6dd",
        "type": "github"
      },
      "original": {
        "owner": "NixOS",
        "ref": "nixos-26.05",
        "repo": "nixpkgs",
        "type": "github"
      }
    },
    "root": {
      "inputs": {
        "devenv": "devenv",
        "nixpkgs": "nixpkgs",
        "rust-overlay": "rust-overlay"
      }
    },
    "rust-overlay": {
      "inputs": {
        "nixpkgs": [
          "nixpkgs"
        ]
      },
      "locked": {
        "lastModified": 1788851328,
        "narHash": "sha256-YOwlUD0Lt/3SulKhZ7z0Jmgbq/DWh8SjnGwUlFSw+YM=",
        "owner": "oxalica",
        "repo": "rust-overlay",
        "rev": "6ae57a71bcb0bebc7a66cc2bd76942c4cf649167",
        "type": "github"
      },
      "original": {
        "owner": "oxalica",
        "repo": "rust-overlay",
        "type": "github"
      }
    }
  },
  "root": "root",
  "version": 7
}